// !$*UTF8*$!
{
	archiveVersion = 1;
	classes = {
	};
	objectVersion = 46;
	objects = {

/* Begin PBXBuildFile section */
		8C9FF98716BA0C2900E4CDD9 /* UIKit.framework in Frameworks */ = {isa = PBXBuildFile; fileRef = 8C9FF98616BA0C2900E4CDD9 /* UIKit.framework */; };
		8C9FF98916BA0C2900E4CDD9 /* Foundation.framework in Frameworks */ = {isa = PBXBuildFile; fileRef = 8C9FF98816BA0C2900E4CDD9 /* Foundation.framework */; };
		8C9FF98B16BA0C2900E4CDD9 /* CoreGraphics.framework in Frameworks */ = {isa = PBXBuildFile; fileRef = 8C9FF98A16BA0C2900E4CDD9 /* CoreGraphics.framework */; };
		8C9FF99116BA0C2900E4CDD9 /* InfoPlist.strings in Resources */ = {isa = PBXBuildFile; fileRef = 8C9FF98F16BA0C2900E4CDD9 /* InfoPlist.strings */; };
		8C9FF99316BA0C2900E4CDD9 /* main.m in Sources */ = {isa = PBXBuildFile; fileRef = 8C9FF99216BA0C2900E4CDD9 /* main.m */; };
		8C9FF99716BA0C2900E4CDD9 /* AppDelegate.m in Sources */ = {isa = PBXBuildFile; fileRef = 8C9FF99616BA0C2900E4CDD9 /* AppDelegate.m */; };
		8C9FF99916BA0C2900E4CDD9 /* Default.png in Resources */ = {isa = PBXBuildFile; fileRef = 8C9FF99816BA0C2900E4CDD9 /* Default.png */; };
		8C9FF99B16BA0C2900E4CDD9 /* Default@2x.png in Resources */ = {isa = PBXBuildFile; fileRef = 8C9FF99A16BA0C2900E4CDD9 /* Default@2x.png */; };
		8C9FF99D16BA0C2900E4CDD9 /* Default-568h@2x.png in Resources */ = {isa = PBXBuildFile; fileRef = 8C9FF99C16BA0C2900E4CDD9 /* Default-568h@2x.png */; };
		8C9FF9A516BA0C9A00E4CDD9 /* SSLCertificatePinning.m in Sources */ = {isa = PBXBuildFile; fileRef = 8C9FF9A416BA0C9A00E4CDD9 /* SSLCertificatePinning.m */; };
		8CDCCF5D16BAF32D006EC1CE /* Security.framework in Frameworks */ = {isa = PBXBuildFile; fileRef = 8CDCCF5C16BAF32D006EC1CE /* Security.framework */; };
		8CDCCF6116BAF4E8006EC1CE /* TestSSLCertificatePinning.m in Sources */ = {isa = PBXBuildFile; fileRef = 8CDCCF6016BAF4E8006EC1CE /* TestSSLCertificatePinning.m */; };
		8CDCCF6316BAF5CC006EC1CE /* VeriSignClass3PublicPrimaryCertificationAuthority-G5.der in Resources */ = {isa = PBXBuildFile; fileRef = 8CDCCF6216BAF5CC006EC1CE /* VeriSignClass3PublicPrimaryCertificationAuthority-G5.der */; };
		8CDCCF6616BAF5FA006EC1CE /* www.isecpartners.com.der in Resources */ = {isa = PBXBuildFile; fileRef = 8CDCCF6516BAF5FA006EC1CE /* www.isecpartners.com.der */; };
/* End PBXBuildFile section */

/* Begin PBXFileReference section */
		8C9FF98216BA0C2900E4CDD9 /* SSL Certificate Pinning.app */ = {isa = PBXFileReference; explicitFileType = wrapper.application; includeInIndex = 0; path = "SSL Certificate Pinning.app"; sourceTree = BUILT_PRODUCTS_DIR; };
		8C9FF98616BA0C2900E4CDD9 /* UIKit.framework */ = {isa = PBXFileReference; lastKnownFileType = wrapper.framework; name = UIKit.framework; path = System/Library/Frameworks/UIKit.framework; sourceTree = SDKROOT; };
		8C9FF98816BA0C2900E4CDD9 /* Foundation.framework */ = {isa = PBXFileReference; lastKnownFileType = wrapper.framework; name = Foundation.framework; path = System/Library/Frameworks/Foundation.framework; sourceTree = SDKROOT; };
		8C9FF98A16BA0C2900E4CDD9 /* CoreGraphics.framework */ = {isa = PBXFileReference; lastKnownFileType = wrapper.framework; name = CoreGraphics.framework; path = System/Library/Frameworks/CoreGraphics.framework; sourceTree = SDKROOT; };
		8C9FF98E16BA0C2900E4CDD9 /* SSL Certificate Pinning-Info.plist */ = {isa = PBXFileReference; lastKnownFileType = text.plist.xml; path = "SSL Certificate Pinning-Info.plist"; sourceTree = "<group>"; };
		8C9FF99016BA0C2900E4CDD9 /* en */ = {isa = PBXFileReference; lastKnownFileType = text.plist.strings; name = en; path = en.lproj/InfoPlist.strings; sourceTree = "<group>"; };
		8C9FF99216BA0C2900E4CDD9 /* main.m */ = {isa = PBXFileReference; lastKnownFileType = sourcecode.c.objc; path = main.m; sourceTree = "<group>"; };
		8C9FF99416BA0C2900E4CDD9 /* SSL Certificate Pinning-Prefix.pch */ = {isa = PBXFileReference; lastKnownFileType = sourcecode.c.h; path = "SSL Certificate Pinning-Prefix.pch"; sourceTree = "<group>"; };
		8C9FF99516BA0C2900E4CDD9 /* AppDelegate.h */ = {isa = PBXFileReference; lastKnownFileType = sourcecode.c.h; path = AppDelegate.h; sourceTree = "<group>"; };
		8C9FF99616BA0C2900E4CDD9 /* AppDelegate.m */ = {isa = PBXFileReference; lastKnownFileType = sourcecode.c.objc; path = AppDelegate.m; sourceTree = "<group>"; };
		8C9FF99816BA0C2900E4CDD9 /* Default.png */ = {isa = PBXFileReference; lastKnownFileType = image.png; path = Default.png; sourceTree = "<group>"; };
		8C9FF99A16BA0C2900E4CDD9 /* Default@2x.png */ = {isa = PBXFileReference; lastKnownFileType = image.png; path = "Default@2x.png"; sourceTree = "<group>"; };
		8C9FF99C16BA0C2900E4CDD9 /* Default-568h@2x.png */ = {isa = PBXFileReference; lastKnownFileType = image.png; path = "Default-568h@2x.png"; sourceTree = "<group>"; };
		8C9FF9A316BA0C9A00E4CDD9 /* SSLCertificatePinning.h */ = {isa = PBXFileReference; fileEncoding = 4; lastKnownFileType = sourcecode.c.h; path = SSLCertificatePinning.h; sourceTree = "<group>"; };
		8C9FF9A416BA0C9A00E4CDD9 /* SSLCertificatePinning.m */ = {isa = PBXFileReference; fileEncoding = 4; lastKnownFileType = sourcecode.c.objc; path = SSLCertificatePinning.m; sourceTree = "<group>"; };
		8CDCCF5C16BAF32D006EC1CE /* Security.framework */ = {isa = PBXFileReference; lastKnownFileType = wrapper.framework; name = Security.framework; path = System/Library/Frameworks/Security.framework; sourceTree = SDKROOT; };
		8CDCCF5F16BAF4E8006EC1CE /* TestSSLCertificatePinning.h */ = {isa = PBXFileReference; fileEncoding = 4; lastKnownFileType = sourcecode.c.h; path = TestSSLCertificatePinning.h; sourceTree = "<group>"; };
		8CDCCF6016BAF4E8006EC1CE /* TestSSLCertificatePinning.m */ = {isa = PBXFileReference; fileEncoding = 4; lastKnownFileType = sourcecode.c.objc; path = TestSSLCertificatePinning.m; sourceTree = "<group>"; };
		8CDCCF6216BAF5CC006EC1CE /* VeriSignClass3PublicPrimaryCertificationAuthority-G5.der */ = {isa = PBXFileReference; lastKnownFileType = file; path = "VeriSignClass3PublicPrimaryCertificationAuthority-G5.der"; sourceTree = "<group>"; };
		8CDCCF6516BAF5FA006EC1CE /* www.isecpartners.com.der */ = {isa = PBXFileReference; lastKnownFileType = file; path = www.isecpartners.com.der; sourceTree = "<group>"; };
/* End PBXFileReference section */

/* Begin PBXFrameworksBuildPhase section */
		8C9FF97F16BA0C2900E4CDD9 /* Frameworks */ = {
			isa = PBXFrameworksBuildPhase;
			buildActionMask = 2147483647;
			files = (
				8CDCCF5D16BAF32D006EC1CE /* Security.framework in Frameworks */,
				8C9FF98716BA0C2900E4CDD9 /* UIKit.framework in Frameworks */,
				8C9FF98916BA0C2900E4CDD9 /* Foundation.framework in Frameworks */,
				8C9FF98B16BA0C2900E4CDD9 /* CoreGraphics.framework in Frameworks */,
			);
			runOnlyForDeploymentPostprocessing = 0;
		};
/* End PBXFrameworksBuildPhase section */

/* Begin PBXGroup section */
		8C9FF97716BA0C2900E4CDD9 = {
			isa = PBXGroup;
			children = (
				8CDCCF5C16BAF32D006EC1CE /* Security.framework */,
				8C9FF98C16BA0C2900E4CDD9 /* SSL Certificate Pinning */,
				8C9FF98516BA0C2900E4CDD9 /* Frameworks */,
				8C9FF98316BA0C2900E4CDD9 /* Products */,
			);
			sourceTree = "<group>";
		};
		8C9FF98316BA0C2900E4CDD9 /* Products */ = {
			isa = PBXGroup;
			children = (
				8C9FF98216BA0C2900E4CDD9 /* SSL Certificate Pinning.app */,
			);
			name = Products;
			sourceTree = "<group>";
		};
		8C9FF98516BA0C2900E4CDD9 /* Frameworks */ = {
			isa = PBXGroup;
			children = (
				8C9FF98616BA0C2900E4CDD9 /* UIKit.framework */,
				8C9FF98816BA0C2900E4CDD9 /* Foundation.framework */,
				8C9FF98A16BA0C2900E4CDD9 /* CoreGraphics.framework */,
			);
			name = Frameworks;
			sourceTree = "<group>";
		};
		8C9FF98C16BA0C2900E4CDD9 /* SSL Certificate Pinning */ = {
			isa = PBXGroup;
			children = (
				8CDCCF6416BAF5D3006EC1CE /* Certificates */,
				8C9FF99516BA0C2900E4CDD9 /* AppDelegate.h */,
				8C9FF99616BA0C2900E4CDD9 /* AppDelegate.m */,
				8C9FF98D16BA0C2900E4CDD9 /* Supporting Files */,
				8C9FF9A316BA0C9A00E4CDD9 /* SSLCertificatePinning.h */,
				8C9FF9A416BA0C9A00E4CDD9 /* SSLCertificatePinning.m */,
				8CDCCF5F16BAF4E8006EC1CE /* TestSSLCertificatePinning.h */,
				8CDCCF6016BAF4E8006EC1CE /* TestSSLCertificatePinning.m */,
			);
			path = "SSL Certificate Pinning";
			sourceTree = "<group>";
		};
		8C9FF98D16BA0C2900E4CDD9 /* Supporting Files */ = {
			isa = PBXGroup;
			children = (
				8C9FF98E16BA0C2900E4CDD9 /* SSL Certificate Pinning-Info.plist */,
				8C9FF98F16BA0C2900E4CDD9 /* InfoPlist.strings */,
				8C9FF99216BA0C2900E4CDD9 /* main.m */,
				8C9FF99416BA0C2900E4CDD9 /* SSL Certificate Pinning-Prefix.pch */,
				8C9FF99816BA0C2900E4CDD9 /* Default.png */,
				8C9FF99A16BA0C2900E4CDD9 /* Default@2x.png */,
				8C9FF99C16BA0C2900E4CDD9 /* Default-568h@2x.png */,
			);
			name = "Supporting Files";
			sourceTree = "<group>";
		};
		8CDCCF6416BAF5D3006EC1CE /* Certificates */ = {
			isa = PBXGroup;
			children = (
				8CDCCF6516BAF5FA006EC1CE /* www.isecpartners.com.der */,
				8CDCCF6216BAF5CC006EC1CE /* VeriSignClass3PublicPrimaryCertificationAuthority-G5.der */,
			);
			name = Certificates;
			sourceTree = "<group>";
		};
/* End PBXGroup section */

/* Begin PBXNativeTarget section */
		8C9FF98116BA0C2900E4CDD9 /* SSL Certificate Pinning */ = {
			isa = PBXNativeTarget;
			buildConfigurationList = 8C9FF9A016BA0C2900E4CDD9 /* Build configuration list for PBXNativeTarget "SSL Certificate Pinning" */;
			buildPhases = (
				8C9FF97E16BA0C2900E4CDD9 /* Sources */,
				8C9FF97F16BA0C2900E4CDD9 /* Frameworks */,
				8C9FF98016BA0C2900E4CDD9 /* Resources */,
			);
			buildRules = (
			);
			dependencies = (
			);
			name = "SSL Certificate Pinning";
			productName = "SSL Certificate Pinning";
			productReference = 8C9FF98216BA0C2900E4CDD9 /* SSL Certificate Pinning.app */;
			productType = "com.apple.product-type.application";
		};
/* End PBXNativeTarget section */

/* Begin PBXProject section */
		8C9FF97916BA0C2900E4CDD9 /* Project object */ = {
			isa = PBXProject;
			attributes = {
				LastUpgradeCheck = 0450;
				ORGANIZATIONNAME = "iSEC Partners";
			};
			buildConfigurationList = 8C9FF97C16BA0C2900E4CDD9 /* Build configuration list for PBXProject "SSL Certificate Pinning" */;
			compatibilityVersion = "Xcode 3.2";
			developmentRegion = English;
			hasScannedForEncodings = 0;
			knownRegions = (
				en,
			);
			mainGroup = 8C9FF97716BA0C2900E4CDD9;
			productRefGroup = 8C9FF98316BA0C2900E4CDD9 /* Products */;
			projectDirPath = "";
			projectRoot = "";
			targets = (
				8C9FF98116BA0C2900E4CDD9 /* SSL Certificate Pinning */,
			);
		};
/* End PBXProject section */

/* Begin PBXResourcesBuildPhase section */
		8C9FF98016BA0C2900E4CDD9 /* Resources */ = {
			isa = PBXResourcesBuildPhase;
			buildActionMask = 2147483647;
			files = (
				8C9FF99116BA0C2900E4CDD9 /* InfoPlist.strings in Resources */,
				8C9FF99916BA0C2900E4CDD9 /* Default.png in Resources */,
				8C9FF99B16BA0C2900E4CDD9 /* Default@2x.png in Resources */,
				8C9FF99D16BA0C2900E4CDD9 /* Default-568h@2x.png in Resources */,
				8CDCCF6316BAF5CC006EC1CE /* VeriSignClass3PublicPrimaryCertificationAuthority-G5.der in Resources */,
				8CDCCF6616BAF5FA006EC1CE /* www.isecpartners.com.der in Resources */,
			);
			runOnlyForDeploymentPostprocessing = 0;
		};
/* End PBXResourcesBuildPhase section */

/* Begin PBXSourcesBuildPhase section */
		8C9FF97E16BA0C2900E4CDD9 /* Sources */ = {
			isa = PBXSourcesBuildPhase;
			buildActionMask = 2147483647;
			files = (
				8C9FF99316BA0C2900E4CDD9 /* main.m in Sources */,
				8C9FF99716BA0C2900E4CDD9 /* AppDelegate.m in Sources */,
				8C9FF9A516BA0C9A00E4CDD9 /* SSLCertificatePinning.m in Sources */,
				8CDCCF6116BAF4E8006EC1CE /* TestSSLCertificatePinning.m in Sources */,
			);
			runOnlyForDeploymentPostprocessing = 0;
		};
/* End PBXSourcesBuildPhase section */

/* Begin PBXVariantGroup section */
		8C9FF98F16BA0C2900E4CDD9 /* InfoPlist.strings */ = {
			isa = PBXVariantGroup;
			children = (
				8C9FF99016BA0C2900E4CDD9 /* en */,
			);
			name = InfoPlist.strings;
			sourceTree = "<group>";
		};
/* End PBXVariantGroup section */

/* Begin XCBuildConfiguration section */
		8C9FF99E16BA0C2900E4CDD9 /* Debug */ = {
			isa = XCBuildConfiguration;
			buildSettings = {
				ALWAYS_SEARCH_USER_PATHS = NO;
				CLANG_CXX_LANGUAGE_STANDARD = "gnu++0x";
				CLANG_CXX_LIBRARY = "libc++";
				CLANG_ENABLE_OBJC_ARC = YES;
				CLANG_WARN_EMPTY_BODY = YES;
				CLANG_WARN__DUPLICATE_METHOD_MATCH = YES;
				"CODE_SIGN_IDENTITY[sdk=iphoneos*]" = "iPhone Developer";
				COPY_PHASE_STRIP = NO;
				GCC_C_LANGUAGE_STANDARD = gnu99;
				GCC_DYNAMIC_NO_PIC = NO;
				GCC_OPTIMIZATION_LEVEL = 0;
				GCC_PREPROCESSOR_DEFINITIONS = (
					"DEBUG=1",
					"$(inherited)",
				);
				GCC_SYMBOLS_PRIVATE_EXTERN = NO;
				GCC_WARN_ABOUT_RETURN_TYPE = YES;
				GCC_WARN_UNINITIALIZED_AUTOS = YES;
				GCC_WARN_UNUSED_VARIABLE = YES;
				IPHONEOS_DEPLOYMENT_TARGET = 6.0;
				ONLY_ACTIVE_ARCH = YES;
				SDKROOT = iphoneos;
			};
			name = Debug;
		};
		8C9FF99F16BA0C2900E4CDD9 /* Release */ = {
			isa = XCBuildConfiguration;
			buildSettings = {
				ALWAYS_SEARCH_USER_PATHS = NO;
				CLANG_CXX_LANGUAGE_STANDARD = "gnu++0x";
				CLANG_CXX_LIBRARY = "libc++";
				CLANG_ENABLE_OBJC_ARC = YES;
				CLANG_WARN_EMPTY_BODY = YES;
				CLANG_WARN__DUPLICATE_METHOD_MATCH = YES;
				"CODE_SIGN_IDENTITY[sdk=iphoneos*]" = "iPhone Developer";
				COPY_PHASE_STRIP = YES;
				GCC_C_LANGUAGE_STANDARD = gnu99;
				GCC_WARN_ABOUT_RETURN_TYPE = YES;
				GCC_WARN_UNINITIALIZED_AUTOS = YES;
				GCC_WARN_UNUSED_VARIABLE = YES;
				IPHONEOS_DEPLOYMENT_TARGET = 6.0;
				OTHER_CFLAGS = "-DNS_BLOCK_ASSERTIONS=1";
				SDKROOT = iphoneos;
				VALIDATE_PRODUCT = YES;
			};
			name = Release;
		};
		8C9FF9A116BA0C2900E4CDD9 /* Debug */ = {
			isa = XCBuildConfiguration;
			buildSettings = {
				GCC_PRECOMPILE_PREFIX_HEADER = YES;
				GCC_PREFIX_HEADER = "SSL Certificate Pinning/SSL Certificate Pinning-Prefix.pch";
				INFOPLIST_FILE = "SSL Certificate Pinning/SSL Certificate Pinning-Info.plist";
				IPHONEOS_DEPLOYMENT_TARGET = 6.1;
				PRODUCT_NAME = "$(TARGET_NAME)";
				WRAPPER_EXTENSION = app;
			};
			name = Debug;
		};
		8C9FF9A216BA0C2900E4CDD9 /* Release */ = {
			isa = XCBuildConfiguration;
			buildSettings = {
				GCC_PRECOMPILE_PREFIX_HEADER = YES;
				GCC_PREFIX_HEADER = "SSL Certificate Pinning/SSL Certificate Pinning-Prefix.pch";
				INFOPLIST_FILE = "SSL Certificate Pinning/SSL Certificate Pinning-Info.plist";
				IPHONEOS_DEPLOYMENT_TARGET = 6.1;
				PRODUCT_NAME = "$(TARGET_NAME)";
				WRAPPER_EXTENSION = app;
			};
			name = Release;
		};
/* End XCBuildConfiguration section */

/* Begin XCConfigurationList section */
		8C9FF97C16BA0C2900E4CDD9 /* Build configuration list for PBXProject "SSL Certificate Pinning" */ = {
			isa = XCConfigurationList;
			buildConfigurations = (
				8C9FF99E16BA0C2900E4CDD9 /* Debug */,
				8C9FF99F16BA0C2900E4CDD9 /* Release */,
			);
			defaultConfigurationIsVisible = 0;
			defaultConfigurationName = Release;
		};
		8C9FF9A016BA0C2900E4CDD9 /* Build configuration list for PBXNativeTarget "SSL Certificate Pinning" */ = {
			isa = XCConfigurationList;
			buildConfigurations = (
				8C9FF9A116BA0C2900E4CDD9 /* Debug */,
				8C9FF9A216BA0C2900E4CDD9 /* Release */,
			);
			defaultConfigurationIsVisible = 0;
			defaultConfigurationName = Release;
		};
/* End XCConfigurationList section */
	};
	rootObject = 8C9FF97916BA0C2900E4CDD9 /* Project object */;
}
